
Microsoft Visual Studio Solution File, Format Version 12.00
# Visual Studio Version 17
VisualStudioVersion = 17.5.002.0
MinimumVisualStudioVersion = 10.0.40219.1
Project("{9A19103F-16F7-4668-BE54-9A1E7A4F7556}") = "BasicCliCalculator", "BasicCliCalculator.csproj", "{2BAF95E2-D1DE-4FE2-8775-B3A9C31F567F}"
EndProject
Global
	GlobalSection(SolutionConfigurationPlatforms) = preSolution
		Debug|Any CPU = Debug|Any CPU
		Release|Any CPU = Release|Any CPU
	EndGlobalSection
	GlobalSection(ProjectConfigurationPlatforms) = postSolution
		{2BAF95E2-D1DE-4FE2-8775-B3A9C31F567F}.Debug|Any CPU.ActiveCfg = Debug|Any CPU
		{2BAF95E2-D1DE-4FE2-8775-B3A9C31F567F}.Debug|Any CPU.Build.0 = Debug|Any CPU
		{2BAF95E2-D1DE-4FE2-8775-B3A9C31F567F}.Release|Any CPU.ActiveCfg = Release|Any CPU
		{2BAF95E2-D1DE-4FE2-8775-B3A9C31F567F}.Release|Any CPU.Build.0 = Release|Any CPU
	EndGlobalSection
	GlobalSection(SolutionProperties) = preSolution
		HideSolutionNode = FALSE
	EndGlobalSection
	GlobalSection(ExtensibilityGlobals) = postSolution
		SolutionGuid = {BC5CF7D0-A5B4-4D33-BB22-2C2401924D13}
	EndGlobalSection
EndGlobal
