
Microsoft Visual Studio Solution File, Format Version 12.00
# Visual Studio Version 17
VisualStudioVersion = 17.5.002.0
MinimumVisualStudioVersion = 10.0.40219.1
Project("{9A19103F-16F7-4668-BE54-9A1E7A4F7556}") = "TablePrinter", "TablePrinter.csproj", "{CCA7BAC3-9E81-4CED-A6ED-69071A5EE0CE}"
EndProject
Global
	GlobalSection(SolutionConfigurationPlatforms) = preSolution
		Debug|Any CPU = Debug|Any CPU
		Release|Any CPU = Release|Any CPU
	EndGlobalSection
	GlobalSection(ProjectConfigurationPlatforms) = postSolution
		{CCA7BAC3-9E81-4CED-A6ED-69071A5EE0CE}.Debug|Any CPU.ActiveCfg = Debug|Any CPU
		{CCA7BAC3-9E81-4CED-A6ED-69071A5EE0CE}.Debug|Any CPU.Build.0 = Debug|Any CPU
		{CCA7BAC3-9E81-4CED-A6ED-69071A5EE0CE}.Release|Any CPU.ActiveCfg = Release|Any CPU
		{CCA7BAC3-9E81-4CED-A6ED-69071A5EE0CE}.Release|Any CPU.Build.0 = Release|Any CPU
	EndGlobalSection
	GlobalSection(SolutionProperties) = preSolution
		HideSolutionNode = FALSE
	EndGlobalSection
	GlobalSection(ExtensibilityGlobals) = postSolution
		SolutionGuid = {8250F0AA-79B6-487E-87DF-280AF9B0F2F5}
	EndGlobalSection
EndGlobal
