
Microsoft Visual Studio Solution File, Format Version 12.00
# Visual Studio Version 17
VisualStudioVersion = 17.5.002.0
MinimumVisualStudioVersion = 10.0.40219.1
Project("{9A19103F-16F7-4668-BE54-9A1E7A4F7556}") = "DeligateMethodsLearning", "DeligateMethodsLearning.csproj", "{354DB468-ED94-43F9-B3C0-A03BE5E9934C}"
EndProject
Global
	GlobalSection(SolutionConfigurationPlatforms) = preSolution
		Debug|Any CPU = Debug|Any CPU
		Release|Any CPU = Release|Any CPU
	EndGlobalSection
	GlobalSection(ProjectConfigurationPlatforms) = postSolution
		{354DB468-ED94-43F9-B3C0-A03BE5E9934C}.Debug|Any CPU.ActiveCfg = Debug|Any CPU
		{354DB468-ED94-43F9-B3C0-A03BE5E9934C}.Debug|Any CPU.Build.0 = Debug|Any CPU
		{354DB468-ED94-43F9-B3C0-A03BE5E9934C}.Release|Any CPU.ActiveCfg = Release|Any CPU
		{354DB468-ED94-43F9-B3C0-A03BE5E9934C}.Release|Any CPU.Build.0 = Release|Any CPU
	EndGlobalSection
	GlobalSection(SolutionProperties) = preSolution
		HideSolutionNode = FALSE
	EndGlobalSection
	GlobalSection(ExtensibilityGlobals) = postSolution
		SolutionGuid = {E99BAFA7-3EB1-42B5-95A5-6777CA6787C3}
	EndGlobalSection
EndGlobal
