
Microsoft Visual Studio Solution File, Format Version 12.00
# Visual Studio Version 17
VisualStudioVersion = 17.5.002.0
MinimumVisualStudioVersion = 10.0.40219.1
Project("{9A19103F-16F7-4668-BE54-9A1E7A4F7556}") = "FindPowerByRecursion", "FindPowerByRecursion.csproj", "{F1B6CB71-81BC-4C09-AA8D-1E07B2318B46}"
EndProject
Global
	GlobalSection(SolutionConfigurationPlatforms) = preSolution
		Debug|Any CPU = Debug|Any CPU
		Release|Any CPU = Release|Any CPU
	EndGlobalSection
	GlobalSection(ProjectConfigurationPlatforms) = postSolution
		{F1B6CB71-81BC-4C09-AA8D-1E07B2318B46}.Debug|Any CPU.ActiveCfg = Debug|Any CPU
		{F1B6CB71-81BC-4C09-AA8D-1E07B2318B46}.Debug|Any CPU.Build.0 = Debug|Any CPU
		{F1B6CB71-81BC-4C09-AA8D-1E07B2318B46}.Release|Any CPU.ActiveCfg = Release|Any CPU
		{F1B6CB71-81BC-4C09-AA8D-1E07B2318B46}.Release|Any CPU.Build.0 = Release|Any CPU
	EndGlobalSection
	GlobalSection(SolutionProperties) = preSolution
		HideSolutionNode = FALSE
	EndGlobalSection
	GlobalSection(ExtensibilityGlobals) = postSolution
		SolutionGuid = {D37F67E9-A30D-41E9-A1FA-09CD649C4591}
	EndGlobalSection
EndGlobal
